<?xml version="1.0" encoding="utf-8"?>
<Project ToolsVersion="4.0" xmlns="http://schemas.microsoft.com/developer/msbuild/2003">
  <ItemGroup>
    <Filter Include="Исходные файлы">
      <UniqueIdentifier>{4FC737F1-C7A5-4376-A066-2A32D752A2FF}</UniqueIdentifier>
      <Extensions>cpp;c;cc;cxx;def;odl;idl;hpj;bat;asm;asmx</Extensions>
    </Filter>
    <Filter Include="Файлы заголовков">
      <UniqueIdentifier>{93995380-89BD-4b04-88EB-625FBE52EBFB}</UniqueIdentifier>
      <Extensions>h;hh;hpp;hxx;hm;inl;inc;ipp;xsd</Extensions>
    </Filter>
    <Filter Include="Файлы ресурсов">
      <UniqueIdentifier>{67DA6AB6-F800-4c08-8B7A-83BB121AAD01}</UniqueIdentifier>
      <Extensions>rc;ico;cur;bmp;dlg;rc2;rct;bin;rgs;gif;jpg;jpeg;jpe;resx;tiff;tif;png;wav;mfcribbon-ms</Extensions>
    </Filter>
    <Filter Include="Файлы ресурсов\Shaders">
      <UniqueIdentifier>{4334dcfe-ccc8-4f0a-a27c-e057dc20b9bd}</UniqueIdentifier>
    </Filter>
    <Filter Include="Файлы ресурсов\Shaders\15">
      <UniqueIdentifier>{87e86feb-ceda-4726-b524-a0e7948a70c7}</UniqueIdentifier>
    </Filter>
    <Filter Include="Файлы ресурсов\Images">
      <UniqueIdentifier>{bcd4a15f-a887-4da9-a1ef-09c44df355c9}</UniqueIdentifier>
    </Filter>
    <Filter Include="Файлы ресурсов\Shaders\16">
      <UniqueIdentifier>{48881f26-ab1c-4c80-b400-2bb4083f9a7f}</UniqueIdentifier>
    </Filter>
    <Filter Include="Файлы ресурсов\Shaders\17">
      <UniqueIdentifier>{4886baac-6a13-47d3-97d4-89a5860df25e}</UniqueIdentifier>
    </Filter>
  </ItemGroup>
  <ItemGroup>
    <ClCompile Include="Source.cpp">
      <Filter>Исходные файлы</Filter>
    </ClCompile>
    <ClCompile Include="HelloTriangle14.cpp">
      <Filter>Исходные файлы</Filter>
    </ClCompile>
    <ClCompile Include="HelloShaders15.cpp">
      <Filter>Исходные файлы</Filter>
    </ClCompile>
    <ClCompile Include="Shader.cpp">
      <Filter>Исходные файлы</Filter>
    </ClCompile>
    <ClCompile Include="HelloTextures16.cpp">
      <Filter>Исходные файлы</Filter>
    </ClCompile>
    <ClCompile Include="MaterialWithMesh.cpp">
      <Filter>Исходные файлы</Filter>
    </ClCompile>
    <ClCompile Include="Hellomatrices17.cpp">
      <Filter>Исходные файлы</Filter>
    </ClCompile>
    <ClCompile Include="SystemProhjections18.cpp">
      <Filter>Исходные файлы</Filter>
    </ClCompile>
  </ItemGroup>
  <ItemGroup>
    <ClInclude Include="resource1.h">
      <Filter>Файлы заголовков</Filter>
    </ClInclude>
    <ClInclude Include="HelloTriangle14.h">
      <Filter>Файлы заголовков</Filter>
    </ClInclude>
    <ClInclude Include="Common.h">
      <Filter>Файлы заголовков</Filter>
    </ClInclude>
    <ClInclude Include="HelloShaders15.h">
      <Filter>Файлы заголовков</Filter>
    </ClInclude>
    <ClInclude Include="Shader.h">
      <Filter>Файлы заголовков</Filter>
    </ClInclude>
    <ClInclude Include="HelloTextures16.h">
      <Filter>Файлы заголовков</Filter>
    </ClInclude>
    <ClInclude Include="MaterialWithMesh.h">
      <Filter>Файлы заголовков</Filter>
    </ClInclude>
    <ClInclude Include="Hellomatrices17.h">
      <Filter>Файлы заголовков</Filter>
    </ClInclude>
    <ClInclude Include="SystemProhjections18.h">
      <Filter>Файлы заголовков</Filter>
    </ClInclude>
  </ItemGroup>
  <ItemGroup>
    <ResourceCompile Include="habr-opengl-learn1.rc">
      <Filter>Файлы ресурсов</Filter>
    </ResourceCompile>
  </ItemGroup>
  <ItemGroup>
    <None Include="shader1.5-triangleWithColoredVertexShader.glsl">
      <Filter>Файлы ресурсов\Shaders\15</Filter>
    </None>
    <None Include="shader1.5-coloredFragmentShader.glsl">
      <Filter>Файлы ресурсов\Shaders\15</Filter>
    </None>
    <None Include="packages.config" />
    <None Include="shader-16-vertexTexQuad.glsl">
      <Filter>Файлы ресурсов\Shaders\16</Filter>
    </None>
    <None Include="shader-16-fragmentTexQuad.glsl">
      <Filter>Файлы ресурсов\Shaders\16</Filter>
    </None>
    <None Include="shader-16-fragmentTexQuadMix.glsl">
      <Filter>Файлы ресурсов\Shaders\16</Filter>
    </None>
    <None Include="shader-1.7-vertexWithMatrix.glsl">
      <Filter>Файлы ресурсов\Shaders\17</Filter>
    </None>
  </ItemGroup>
  <ItemGroup>
    <Image Include="Resources\Images\container.jpg">
      <Filter>Файлы ресурсов\Images</Filter>
    </Image>
    <Image Include="Resources\Images\awesomeface.png">
      <Filter>Файлы ресурсов\Images</Filter>
    </Image>
  </ItemGroup>
</Project>